# This file is automatically @generated by Cargo.
# It is not intended for manual editing.
version = 3

[[package]]
<<<<<<< HEAD
name = "quad-factor"
version = "0.1.0"
=======
name = "autocfg"
version = "1.1.0"
source = "registry+https://github.com/rust-lang/crates.io-index"
checksum = "d468802bab17cbc0cc575e9b053f41e72aa36bfa6b7f55e3529ffa43161b97fa"

[[package]]
name = "factorial"
version = "0.2.1"
source = "registry+https://github.com/rust-lang/crates.io-index"
checksum = "6398219c33c5768705156b8a69c99c463a51847e2d3647f5adce32bb6e990b1c"
dependencies = [
 "num-traits",
]

[[package]]
name = "num-traits"
version = "0.2.15"
source = "registry+https://github.com/rust-lang/crates.io-index"
checksum = "578ede34cf02f8924ab9447f50c28075b4d3e5b269972345e7e0372b38c6cdcd"
dependencies = [
 "autocfg",
]

[[package]]
name = "quad-factor"
version = "0.1.0"
dependencies = [
 "factorial",
]
>>>>>>> devjul21pm
